// !$*UTF8*$!
{
	archiveVersion = 1;
	classes = {
	};
	objectVersion = 46;
	objects = {

/* Begin PBXBuildFile section */
		D41368B91D63D0C60026D59F /* AppDelegate.swift in Sources */ = {isa = PBXBuildFile; fileRef = D41368B81D63D0C60026D59F /* AppDelegate.swift */; };
		D41368BE1D63D0C60026D59F /* Main.storyboard in Resources */ = {isa = PBXBuildFile; fileRef = D41368BC1D63D0C60026D59F /* Main.storyboard */; };
		D41368C01D63D0C60026D59F /* Assets.xcassets in Resources */ = {isa = PBXBuildFile; fileRef = D41368BF1D63D0C60026D59F /* Assets.xcassets */; };
		D41368C31D63D0C60026D59F /* LaunchScreen.storyboard in Resources */ = {isa = PBXBuildFile; fileRef = D41368C11D63D0C60026D59F /* LaunchScreen.storyboard */; };
		D41368D11D63D27E0026D59F /* SevenWondersViewController.swift in Sources */ = {isa = PBXBuildFile; fileRef = D41368D01D63D27E0026D59F /* SevenWondersViewController.swift */; };
		D41368D31D63D2B40026D59F /* SevenWonders.swift in Sources */ = {isa = PBXBuildFile; fileRef = D41368D21D63D2B40026D59F /* SevenWonders.swift */; };
		D41368D51D640B1E0026D59F /* SevenWondersDetailViewController.swift in Sources */ = {isa = PBXBuildFile; fileRef = D41368D41D640B1E0026D59F /* SevenWondersDetailViewController.swift */; };
/* End PBXBuildFile section */

/* Begin PBXFileReference section */
		D41368B51D63D0C60026D59F /* SevenWonders.app */ = {isa = PBXFileReference; explicitFileType = wrapper.application; includeInIndex = 0; path = SevenWonders.app; sourceTree = BUILT_PRODUCTS_DIR; };
		D41368B81D63D0C60026D59F /* AppDelegate.swift */ = {isa = PBXFileReference; lastKnownFileType = sourcecode.swift; path = AppDelegate.swift; sourceTree = "<group>"; };
		D41368BD1D63D0C60026D59F /* Base */ = {isa = PBXFileReference; lastKnownFileType = file.storyboard; name = Base; path = Base.lproj/Main.storyboard; sourceTree = "<group>"; };
		D41368BF1D63D0C60026D59F /* Assets.xcassets */ = {isa = PBXFileReference; lastKnownFileType = folder.assetcatalog; path = Assets.xcassets; sourceTree = "<group>"; };
		D41368C21D63D0C60026D59F /* Base */ = {isa = PBXFileReference; lastKnownFileType = file.storyboard; name = Base; path = Base.lproj/LaunchScreen.storyboard; sourceTree = "<group>"; };
		D41368C41D63D0C60026D59F /* Info.plist */ = {isa = PBXFileReference; lastKnownFileType = text.plist.xml; path = Info.plist; sourceTree = "<group>"; };
		D41368D01D63D27E0026D59F /* SevenWondersViewController.swift */ = {isa = PBXFileReference; fileEncoding = 4; lastKnownFileType = sourcecode.swift; path = SevenWondersViewController.swift; sourceTree = SOURCE_ROOT; };
		D41368D21D63D2B40026D59F /* SevenWonders.swift */ = {isa = PBXFileReference; fileEncoding = 4; lastKnownFileType = sourcecode.swift; path = SevenWonders.swift; sourceTree = "<group>"; };
		D41368D41D640B1E0026D59F /* SevenWondersDetailViewController.swift */ = {isa = PBXFileReference; fileEncoding = 4; lastKnownFileType = sourcecode.swift; path = SevenWondersDetailViewController.swift; sourceTree = "<group>"; };
/* End PBXFileReference section */

/* Begin PBXFrameworksBuildPhase section */
		D41368B21D63D0C60026D59F /* Frameworks */ = {
			isa = PBXFrameworksBuildPhase;
			buildActionMask = 2147483647;
			files = (
			);
			runOnlyForDeploymentPostprocessing = 0;
		};
/* End PBXFrameworksBuildPhase section */

/* Begin PBXGroup section */
		D41368AC1D63D0C60026D59F = {
			isa = PBXGroup;
			children = (
				D41368B71D63D0C60026D59F /* SevenWonders */,
				D41368B61D63D0C60026D59F /* Products */,
			);
			sourceTree = "<group>";
		};
		D41368B61D63D0C60026D59F /* Products */ = {
			isa = PBXGroup;
			children = (
				D41368B51D63D0C60026D59F /* SevenWonders.app */,
			);
			name = Products;
			sourceTree = "<group>";
		};
		D41368B71D63D0C60026D59F /* SevenWonders */ = {
			isa = PBXGroup;
			children = (
				D41368B81D63D0C60026D59F /* AppDelegate.swift */,
				D41368D21D63D2B40026D59F /* SevenWonders.swift */,
				D41368D01D63D27E0026D59F /* SevenWondersViewController.swift */,
				D41368D41D640B1E0026D59F /* SevenWondersDetailViewController.swift */,
				D41368BC1D63D0C60026D59F /* Main.storyboard */,
				D41368BF1D63D0C60026D59F /* Assets.xcassets */,
				D41368C11D63D0C60026D59F /* LaunchScreen.storyboard */,
				D41368C41D63D0C60026D59F /* Info.plist */,
			);
			path = SevenWonders;
			sourceTree = "<group>";
		};
/* End PBXGroup section */

/* Begin PBXNativeTarget section */
		D41368B41D63D0C60026D59F /* SevenWonders */ = {
			isa = PBXNativeTarget;
			buildConfigurationList = D41368C71D63D0C60026D59F /* Build configuration list for PBXNativeTarget "SevenWonders" */;
			buildPhases = (
				D41368B11D63D0C60026D59F /* Sources */,
				D41368B21D63D0C60026D59F /* Frameworks */,
				D41368B31D63D0C60026D59F /* Resources */,
			);
			buildRules = (
			);
			dependencies = (
			);
			name = SevenWonders;
			productName = SevenWonders;
			productReference = D41368B51D63D0C60026D59F /* SevenWonders.app */;
			productType = "com.apple.product-type.application";
		};
/* End PBXNativeTarget section */

/* Begin PBXProject section */
		D41368AD1D63D0C60026D59F /* Project object */ = {
			isa = PBXProject;
			attributes = {
				LastSwiftUpdateCheck = 0730;
				LastUpgradeCheck = 0730;
				ORGANIZATIONNAME = "Madina Ibrahim";
				TargetAttributes = {
					D41368B41D63D0C60026D59F = {
						CreatedOnToolsVersion = 7.3;
					};
				};
			};
			buildConfigurationList = D41368B01D63D0C60026D59F /* Build configuration list for PBXProject "SevenWonders" */;
			compatibilityVersion = "Xcode 3.2";
			developmentRegion = English;
			hasScannedForEncodings = 0;
			knownRegions = (
				en,
				Base,
			);
			mainGroup = D41368AC1D63D0C60026D59F;
			productRefGroup = D41368B61D63D0C60026D59F /* Products */;
			projectDirPath = "";
			projectRoot = "";
			targets = (
				D41368B41D63D0C60026D59F /* SevenWonders */,
			);
		};
/* End PBXProject section */

/* Begin PBXResourcesBuildPhase section */
		D41368B31D63D0C60026D59F /* Resources */ = {
			isa = PBXResourcesBuildPhase;
			buildActionMask = 2147483647;
			files = (
				D41368C31D63D0C60026D59F /* LaunchScreen.storyboard in Resources */,
				D41368C01D63D0C60026D59F /* Assets.xcassets in Resources */,
				D41368BE1D63D0C60026D59F /* Main.storyboard in Resources */,
			);
			runOnlyForDeploymentPostprocessing = 0;
		};
/* End PBXResourcesBuildPhase section */

/* Begin PBXSourcesBuildPhase section */
		D41368B11D63D0C60026D59F /* Sources */ = {
			isa = PBXSourcesBuildPhase;
			buildActionMask = 2147483647;
			files = (
				D41368D31D63D2B40026D59F /* SevenWonders.swift in Sources */,
				D41368D11D63D27E0026D59F /* SevenWondersViewController.swift in Sources */,
				D41368D51D640B1E0026D59F /* SevenWondersDetailViewController.swift in Sources */,
				D41368B91D63D0C60026D59F /* AppDelegate.swift in Sources */,
			);
			runOnlyForDeploymentPostprocessing = 0;
		};
/* End PBXSourcesBuildPhase section */

/* Begin PBXVariantGroup section */
		D41368BC1D63D0C60026D59F /* Main.storyboard */ = {
			isa = PBXVariantGroup;
			children = (
				D41368BD1D63D0C60026D59F /* Base */,
			);
			name = Main.storyboard;
			sourceTree = "<group>";
		};
		D41368C11D63D0C60026D59F /* LaunchScreen.storyboard */ = {
			isa = PBXVariantGroup;
			children = (
				D41368C21D63D0C60026D59F /* Base */,
			);
			name = LaunchScreen.storyboard;
			sourceTree = "<group>";
		};
/* End PBXVariantGroup section */

/* Begin XCBuildConfiguration section */
		D41368C51D63D0C60026D59F /* Debug */ = {
			isa = XCBuildConfiguration;
			buildSettings = {
				ALWAYS_SEARCH_USER_PATHS = NO;
				CLANG_ANALYZER_NONNULL = YES;
				CLANG_CXX_LANGUAGE_STANDARD = "gnu++0x";
				CLANG_CXX_LIBRARY = "libc++";
				CLANG_ENABLE_MODULES = YES;
				CLANG_ENABLE_OBJC_ARC = YES;
				CLANG_WARN_BOOL_CONVERSION = YES;
				CLANG_WARN_CONSTANT_CONVERSION = YES;
				CLANG_WARN_DIRECT_OBJC_ISA_USAGE = YES_ERROR;
				CLANG_WARN_EMPTY_BODY = YES;
				CLANG_WARN_ENUM_CONVERSION = YES;
				CLANG_WARN_INT_CONVERSION = YES;
				CLANG_WARN_OBJC_ROOT_CLASS = YES_ERROR;
				CLANG_WARN_UNREACHABLE_CODE = YES;
				CLANG_WARN__DUPLICATE_METHOD_MATCH = YES;
				"CODE_SIGN_IDENTITY[sdk=iphoneos*]" = "iPhone Developer";
				COPY_PHASE_STRIP = NO;
				DEBUG_INFORMATION_FORMAT = dwarf;
				ENABLE_STRICT_OBJC_MSGSEND = YES;
				ENABLE_TESTABILITY = YES;
				GCC_C_LANGUAGE_STANDARD = gnu99;
				GCC_DYNAMIC_NO_PIC = NO;
				GCC_NO_COMMON_BLOCKS = YES;
				GCC_OPTIMIZATION_LEVEL = 0;
				GCC_PREPROCESSOR_DEFINITIONS = (
					"DEBUG=1",
					"$(inherited)",
				);
				GCC_WARN_64_TO_32_BIT_CONVERSION = YES;
				GCC_WARN_ABOUT_RETURN_TYPE = YES_ERROR;
				GCC_WARN_UNDECLARED_SELECTOR = YES;
				GCC_WARN_UNINITIALIZED_AUTOS = YES_AGGRESSIVE;
				GCC_WARN_UNUSED_FUNCTION = YES;
				GCC_WARN_UNUSED_VARIABLE = YES;
				IPHONEOS_DEPLOYMENT_TARGET = 9.3;
				MTL_ENABLE_DEBUG_INFO = YES;
				ONLY_ACTIVE_ARCH = YES;
				SDKROOT = iphoneos;
				SWIFT_OPTIMIZATION_LEVEL = "-Onone";
				TARGETED_DEVICE_FAMILY = "1,2";
			};
			name = Debug;
		};
		D41368C61D63D0C60026D59F /* Release */ = {
			isa = XCBuildConfiguration;
			buildSettings = {
				ALWAYS_SEARCH_USER_PATHS = NO;
				CLANG_ANALYZER_NONNULL = YES;
				CLANG_CXX_LANGUAGE_STANDARD = "gnu++0x";
				CLANG_CXX_LIBRARY = "libc++";
				CLANG_ENABLE_MODULES = YES;
				CLANG_ENABLE_OBJC_ARC = YES;
				CLANG_WARN_BOOL_CONVERSION = YES;
				CLANG_WARN_CONSTANT_CONVERSION = YES;
				CLANG_WARN_DIRECT_OBJC_ISA_USAGE = YES_ERROR;
				CLANG_WARN_EMPTY_BODY = YES;
				CLANG_WARN_ENUM_CONVERSION = YES;
				CLANG_WARN_INT_CONVERSION = YES;
				CLANG_WARN_OBJC_ROOT_CLASS = YES_ERROR;
				CLANG_WARN_UNREACHABLE_CODE = YES;
				CLANG_WARN__DUPLICATE_METHOD_MATCH = YES;
				"CODE_SIGN_IDENTITY[sdk=iphoneos*]" = "iPhone Developer";
				COPY_PHASE_STRIP = NO;
				DEBUG_INFORMATION_FORMAT = "dwarf-with-dsym";
				ENABLE_NS_ASSERTIONS = NO;
				ENABLE_STRICT_OBJC_MSGSEND = YES;
				GCC_C_LANGUAGE_STANDARD = gnu99;
				GCC_NO_COMMON_BLOCKS = YES;
				GCC_WARN_64_TO_32_BIT_CONVERSION = YES;
				GCC_WARN_ABOUT_RETURN_TYPE = YES_ERROR;
				GCC_WARN_UNDECLARED_SELECTOR = YES;
				GCC_WARN_UNINITIALIZED_AUTOS = YES_AGGRESSIVE;
				GCC_WARN_UNUSED_FUNCTION = YES;
				GCC_WARN_UNUSED_VARIABLE = YES;
				IPHONEOS_DEPLOYMENT_TARGET = 9.3;
				MTL_ENABLE_DEBUG_INFO = NO;
				SDKROOT = iphoneos;
				TARGETED_DEVICE_FAMILY = "1,2";
				VALIDATE_PRODUCT = YES;
			};
			name = Release;
		};
		D41368C81D63D0C60026D59F /* Debug */ = {
			isa = XCBuildConfiguration;
			buildSettings = {
				ASSETCATALOG_COMPILER_APPICON_NAME = AppIcon;
				INFOPLIST_FILE = SevenWonders/Info.plist;
				LD_RUNPATH_SEARCH_PATHS = "$(inherited) @executable_path/Frameworks";
				PRODUCT_BUNDLE_IDENTIFIER = madina.SevenWonders;
				PRODUCT_NAME = "$(TARGET_NAME)";
			};
			name = Debug;
		};
		D41368C91D63D0C60026D59F /* Release */ = {
			isa = XCBuildConfiguration;
			buildSettings = {
				ASSETCATALOG_COMPILER_APPICON_NAME = AppIcon;
				INFOPLIST_FILE = SevenWonders/Info.plist;
				LD_RUNPATH_SEARCH_PATHS = "$(inherited) @executable_path/Frameworks";
				PRODUCT_BUNDLE_IDENTIFIER = madina.SevenWonders;
				PRODUCT_NAME = "$(TARGET_NAME)";
			};
			name = Release;
		};
/* End XCBuildConfiguration section */

/* Begin XCConfigurationList section */
		D41368B01D63D0C60026D59F /* Build configuration list for PBXProject "SevenWonders" */ = {
			isa = XCConfigurationList;
			buildConfigurations = (
				D41368C51D63D0C60026D59F /* Debug */,
				D41368C61D63D0C60026D59F /* Release */,
			);
			defaultConfigurationIsVisible = 0;
			defaultConfigurationName = Release;
		};
		D41368C71D63D0C60026D59F /* Build configuration list for PBXNativeTarget "SevenWonders" */ = {
			isa = XCConfigurationList;
			buildConfigurations = (
				D41368C81D63D0C60026D59F /* Debug */,
				D41368C91D63D0C60026D59F /* Release */,
			);
			defaultConfigurationIsVisible = 0;
			defaultConfigurationName = Release;
		};
/* End XCConfigurationList section */
	};
	rootObject = D41368AD1D63D0C60026D59F /* Project object */;
}
